
Microsoft Visual Studio Solution File, Format Version 12.00
# Visual Studio Version 16
VisualStudioVersion = 16.0.29215.179
MinimumVisualStudioVersion = 10.0.40219.1
Project("{FAE04EC0-301F-11D3-BF4B-00C04F79EFBC}") = "RegistroEstudiante", "RegistroEstudiante.csproj", "{E2F9207C-1EE5-49E7-BA83-DF53F8CD53D6}"
EndProject
Global
	GlobalSection(SolutionConfigurationPlatforms) = preSolution
		Debug|Any CPU = Debug|Any CPU
		Release|Any CPU = Release|Any CPU
	EndGlobalSection
	GlobalSection(ProjectConfigurationPlatforms) = postSolution
		{E2F9207C-1EE5-49E7-BA83-DF53F8CD53D6}.Debug|Any CPU.ActiveCfg = Debug|Any CPU
		{E2F9207C-1EE5-49E7-BA83-DF53F8CD53D6}.Debug|Any CPU.Build.0 = Debug|Any CPU
		{E2F9207C-1EE5-49E7-BA83-DF53F8CD53D6}.Release|Any CPU.ActiveCfg = Release|Any CPU
		{E2F9207C-1EE5-49E7-BA83-DF53F8CD53D6}.Release|Any CPU.Build.0 = Release|Any CPU
	EndGlobalSection
	GlobalSection(SolutionProperties) = preSolution
		HideSolutionNode = FALSE
	EndGlobalSection
	GlobalSection(ExtensibilityGlobals) = postSolution
		SolutionGuid = {7B6FE2DE-6B5A-427B-B5D5-9865F35D2470}
	EndGlobalSection
EndGlobal
